PODS:
  - Alamofire (4.7.2)
  - AlamofireObjectMapper (5.0.0):
    - Alamofire (~> 4.1)
    - ObjectMapper (~> 3.0)
  - Cartography (3.0.2)
  - ObjectMapper (3.3.0)
  - Realm (3.7.2):
    - Realm/Headers (= 3.7.2)
  - Realm/Headers (3.7.2)
  - RealmSwift (3.7.2):
    - Realm (= 3.7.2)

DEPENDENCIES:
  - AlamofireObjectMapper (~> 5.0)
  - Cartography (~> 3.0)
  - RealmSwift

SPEC REPOS:
  https://github.com/cocoapods/specs.git:
    - Alamofire
    - AlamofireObjectMapper
    - Cartography
    - ObjectMapper
    - Realm
    - RealmSwift

SPEC CHECKSUMS:
  Alamofire: e4fa87002c137ba2d8d634d2c51fabcda0d5c223
  AlamofireObjectMapper: 5fafc816351cbbc0d486611aaeba7461c0cbad49
  Cartography: 231190d7d0b3107ce8d67c54189f059a509b3760
  ObjectMapper: b612bf8c8e99c4dc0bb6013a51f7c27966ed5da9
  Realm: dd18c3014e8d90df300b83c6da740067436089c5
  RealmSwift: 79917cae59a0c43ef8118b233a5978891dd50b4a

PODFILE CHECKSUM: 775aee6931bd1f507ea84bb7e63db8b5ccd30a42

COCOAPODS: 1.5.3
