// !$*UTF8*$!
{
	archiveVersion = 1;
	classes = {
	};
	objectVersion = 50;
	objects = {

/* Begin PBXBuildFile section */
		040961B121105C0400566954 /* AppDelegate.swift in Sources */ = {isa = PBXBuildFile; fileRef = 040961B021105C0400566954 /* AppDelegate.swift */; };
		040961B321105C0400566954 /* HomeViewController.swift in Sources */ = {isa = PBXBuildFile; fileRef = 040961B221105C0400566954 /* HomeViewController.swift */; };
		040961B821105C0500566954 /* Assets.xcassets in Resources */ = {isa = PBXBuildFile; fileRef = 040961B721105C0500566954 /* Assets.xcassets */; };
		040961BB21105C0500566954 /* LaunchScreen.storyboard in Resources */ = {isa = PBXBuildFile; fileRef = 040961B921105C0500566954 /* LaunchScreen.storyboard */; };
		040961C621105C0500566954 /* CinemaTests.swift in Sources */ = {isa = PBXBuildFile; fileRef = 040961C521105C0500566954 /* CinemaTests.swift */; };
		040961D121105C0500566954 /* CinemaUITests.swift in Sources */ = {isa = PBXBuildFile; fileRef = 040961D021105C0500566954 /* CinemaUITests.swift */; };
		040961E3211060C800566954 /* Constants.swift in Sources */ = {isa = PBXBuildFile; fileRef = 040961E2211060C800566954 /* Constants.swift */; };
		040961E52110612600566954 /* Protocols.swift in Sources */ = {isa = PBXBuildFile; fileRef = 040961E42110612600566954 /* Protocols.swift */; };
		04164C482110C44B0060E451 /* ContentStateViewController.swift in Sources */ = {isa = PBXBuildFile; fileRef = 04164C472110C44B0060E451 /* ContentStateViewController.swift */; };
		04164C4B2110E58E0060E451 /* UIViewController+StateManagment.swift in Sources */ = {isa = PBXBuildFile; fileRef = 04164C4A2110E58E0060E451 /* UIViewController+StateManagment.swift */; };
		04164C4E211180D60060E451 /* LoadingViewController.swift in Sources */ = {isa = PBXBuildFile; fileRef = 04164C4D211180D60060E451 /* LoadingViewController.swift */; };
		04164C50211181150060E451 /* ErrorViewController.swift in Sources */ = {isa = PBXBuildFile; fileRef = 04164C4F211181150060E451 /* ErrorViewController.swift */; };
		04164C52211181600060E451 /* HomeContentViewController.swift in Sources */ = {isa = PBXBuildFile; fileRef = 04164C51211181600060E451 /* HomeContentViewController.swift */; };
		04164C562111908F0060E451 /* Movie.swift in Sources */ = {isa = PBXBuildFile; fileRef = 04164C552111908F0060E451 /* Movie.swift */; };
		042704F92118143A0080E57A /* MVLabel.swift in Sources */ = {isa = PBXBuildFile; fileRef = 042704F82118143A0080E57A /* MVLabel.swift */; };
		042704FB211815DF0080E57A /* UIFont+Custom.swift in Sources */ = {isa = PBXBuildFile; fileRef = 042704FA211815DF0080E57A /* UIFont+Custom.swift */; };
		042704FD211844160080E57A /* MVSecondaryButton.swift in Sources */ = {isa = PBXBuildFile; fileRef = 042704FC211844160080E57A /* MVSecondaryButton.swift */; };
		042704FF211847190080E57A /* MVHeaderView.swift in Sources */ = {isa = PBXBuildFile; fileRef = 042704FE211847190080E57A /* MVHeaderView.swift */; };
		042705012118C4490080E57A /* MVSeparatorLine.swift in Sources */ = {isa = PBXBuildFile; fileRef = 042705002118C4490080E57A /* MVSeparatorLine.swift */; };
		042705032118CDC20080E57A /* MVCollectionView.swift in Sources */ = {isa = PBXBuildFile; fileRef = 042705022118CDC20080E57A /* MVCollectionView.swift */; };
		04E7C1B8211210A300B9838F /* HomeViewModel.swift in Sources */ = {isa = PBXBuildFile; fileRef = 04E7C1B7211210A300B9838F /* HomeViewModel.swift */; };
		04E7C1BC2112C2F100B9838F /* HomeCollectionViewCell.swift in Sources */ = {isa = PBXBuildFile; fileRef = 04E7C1BB2112C2F100B9838F /* HomeCollectionViewCell.swift */; };
		0D49C084211197AE00BFBB78 /* TabBarController.swift in Sources */ = {isa = PBXBuildFile; fileRef = 0D49C083211197AE00BFBB78 /* TabBarController.swift */; };
		0D49C08A21119D3600BFBB78 /* ListViewController.swift in Sources */ = {isa = PBXBuildFile; fileRef = 0D49C08921119D3600BFBB78 /* ListViewController.swift */; };
		0D49C08D21119D7D00BFBB78 /* SettingsViewController.swift in Sources */ = {isa = PBXBuildFile; fileRef = 0D49C08C21119D7D00BFBB78 /* SettingsViewController.swift */; };
		0D49C08F2111AA8C00BFBB78 /* UIColor+Palette.swift in Sources */ = {isa = PBXBuildFile; fileRef = 0D49C08E2111AA8C00BFBB78 /* UIColor+Palette.swift */; };
		0D49C0912111ABB100BFBB78 /* UIViewController+NavigationBar.swift in Sources */ = {isa = PBXBuildFile; fileRef = 0D49C0902111ABB100BFBB78 /* UIViewController+NavigationBar.swift */; };
		0D49C0932111AD0100BFBB78 /* UIViewController+BackgroundColor.swift in Sources */ = {isa = PBXBuildFile; fileRef = 0D49C0922111AD0100BFBB78 /* UIViewController+BackgroundColor.swift */; };
		0DE19A872118C19E00422B44 /* EndPointType.swift in Sources */ = {isa = PBXBuildFile; fileRef = 0DE19A862118C19E00422B44 /* EndPointType.swift */; };
		0DE19A8A2118C1C000422B44 /* HTTPMethod.swift in Sources */ = {isa = PBXBuildFile; fileRef = 0DE19A892118C1C000422B44 /* HTTPMethod.swift */; };
		0DE19A8C2118C21F00422B44 /* HTTPTask.swift in Sources */ = {isa = PBXBuildFile; fileRef = 0DE19A8B2118C21F00422B44 /* HTTPTask.swift */; };
		0DE19A8F2118C2AC00422B44 /* ParameterEncoding.swift in Sources */ = {isa = PBXBuildFile; fileRef = 0DE19A8E2118C2AC00422B44 /* ParameterEncoding.swift */; };
		0DE19A912118C3E400422B44 /* URLParameterEncoder.swift in Sources */ = {isa = PBXBuildFile; fileRef = 0DE19A902118C3E400422B44 /* URLParameterEncoder.swift */; };
		0DE19A932118C57A00422B44 /* JSONParameterEncoder.swift in Sources */ = {isa = PBXBuildFile; fileRef = 0DE19A922118C57A00422B44 /* JSONParameterEncoder.swift */; };
		0DE19A952118C67D00422B44 /* NetworkRouter.swift in Sources */ = {isa = PBXBuildFile; fileRef = 0DE19A942118C67D00422B44 /* NetworkRouter.swift */; };
		0DE19A972118C7A000422B44 /* Router.swift in Sources */ = {isa = PBXBuildFile; fileRef = 0DE19A962118C7A000422B44 /* Router.swift */; };
		0DE19A9A2118CD4D00422B44 /* MovieEndPoint.swift in Sources */ = {isa = PBXBuildFile; fileRef = 0DE19A992118CD4D00422B44 /* MovieEndPoint.swift */; };
		0DE19A9F2118D4A400422B44 /* NetworkManager.swift in Sources */ = {isa = PBXBuildFile; fileRef = 0DE19A9E2118D4A400422B44 /* NetworkManager.swift */; };
		0DE19AA12118D53100422B44 /* NetworkResponse.swift in Sources */ = {isa = PBXBuildFile; fileRef = 0DE19AA02118D53100422B44 /* NetworkResponse.swift */; };
		0DE19AA32118D5AC00422B44 /* Result.swift in Sources */ = {isa = PBXBuildFile; fileRef = 0DE19AA22118D5AC00422B44 /* Result.swift */; };
		2330CE7798EDD0D70F7DF918 /* Pods_CinemaUITests.framework in Frameworks */ = {isa = PBXBuildFile; fileRef = C1B3E50E6F48B25FE42A69C1 /* Pods_CinemaUITests.framework */; };
		AC7E04D49659927B7DB5DF13 /* Pods_Cinema.framework in Frameworks */ = {isa = PBXBuildFile; fileRef = B7305C1B2E9AA271F5C72F64 /* Pods_Cinema.framework */; };
		E26EA2653E416684ABBC52EF /* Pods_CinemaTests.framework in Frameworks */ = {isa = PBXBuildFile; fileRef = 8E8470B23A0898EA90CCF8AE /* Pods_CinemaTests.framework */; };
/* End PBXBuildFile section */

/* Begin PBXContainerItemProxy section */
		040961C221105C0500566954 /* PBXContainerItemProxy */ = {
			isa = PBXContainerItemProxy;
			containerPortal = 040961A521105C0400566954 /* Project object */;
			proxyType = 1;
			remoteGlobalIDString = 040961AC21105C0400566954;
			remoteInfo = Cinema;
		};
		040961CD21105C0500566954 /* PBXContainerItemProxy */ = {
			isa = PBXContainerItemProxy;
			containerPortal = 040961A521105C0400566954 /* Project object */;
			proxyType = 1;
			remoteGlobalIDString = 040961AC21105C0400566954;
			remoteInfo = Cinema;
		};
/* End PBXContainerItemProxy section */

/* Begin PBXFileReference section */
		040961AD21105C0400566954 /* Cinema.app */ = {isa = PBXFileReference; explicitFileType = wrapper.application; includeInIndex = 0; path = Cinema.app; sourceTree = BUILT_PRODUCTS_DIR; };
		040961B021105C0400566954 /* AppDelegate.swift */ = {isa = PBXFileReference; lastKnownFileType = sourcecode.swift; path = AppDelegate.swift; sourceTree = "<group>"; };
		040961B221105C0400566954 /* HomeViewController.swift */ = {isa = PBXFileReference; lastKnownFileType = sourcecode.swift; path = HomeViewController.swift; sourceTree = "<group>"; };
		040961B721105C0500566954 /* Assets.xcassets */ = {isa = PBXFileReference; lastKnownFileType = folder.assetcatalog; path = Assets.xcassets; sourceTree = "<group>"; };
		040961BA21105C0500566954 /* Base */ = {isa = PBXFileReference; lastKnownFileType = file.storyboard; name = Base; path = Base.lproj/LaunchScreen.storyboard; sourceTree = "<group>"; };
		040961BC21105C0500566954 /* Info.plist */ = {isa = PBXFileReference; lastKnownFileType = text.plist.xml; path = Info.plist; sourceTree = "<group>"; };
		040961C121105C0500566954 /* CinemaTests.xctest */ = {isa = PBXFileReference; explicitFileType = wrapper.cfbundle; includeInIndex = 0; path = CinemaTests.xctest; sourceTree = BUILT_PRODUCTS_DIR; };
		040961C521105C0500566954 /* CinemaTests.swift */ = {isa = PBXFileReference; lastKnownFileType = sourcecode.swift; path = CinemaTests.swift; sourceTree = "<group>"; };
		040961C721105C0500566954 /* Info.plist */ = {isa = PBXFileReference; lastKnownFileType = text.plist.xml; path = Info.plist; sourceTree = "<group>"; };
		040961CC21105C0500566954 /* CinemaUITests.xctest */ = {isa = PBXFileReference; explicitFileType = wrapper.cfbundle; includeInIndex = 0; path = CinemaUITests.xctest; sourceTree = BUILT_PRODUCTS_DIR; };
		040961D021105C0500566954 /* CinemaUITests.swift */ = {isa = PBXFileReference; lastKnownFileType = sourcecode.swift; path = CinemaUITests.swift; sourceTree = "<group>"; };
		040961D221105C0500566954 /* Info.plist */ = {isa = PBXFileReference; lastKnownFileType = text.plist.xml; path = Info.plist; sourceTree = "<group>"; };
		040961E2211060C800566954 /* Constants.swift */ = {isa = PBXFileReference; lastKnownFileType = sourcecode.swift; path = Constants.swift; sourceTree = "<group>"; };
		040961E42110612600566954 /* Protocols.swift */ = {isa = PBXFileReference; lastKnownFileType = sourcecode.swift; path = Protocols.swift; sourceTree = "<group>"; };
		04164C472110C44B0060E451 /* ContentStateViewController.swift */ = {isa = PBXFileReference; lastKnownFileType = sourcecode.swift; path = ContentStateViewController.swift; sourceTree = "<group>"; };
		04164C4A2110E58E0060E451 /* UIViewController+StateManagment.swift */ = {isa = PBXFileReference; lastKnownFileType = sourcecode.swift; path = "UIViewController+StateManagment.swift"; sourceTree = "<group>"; };
		04164C4D211180D60060E451 /* LoadingViewController.swift */ = {isa = PBXFileReference; lastKnownFileType = sourcecode.swift; path = LoadingViewController.swift; sourceTree = "<group>"; };
		04164C4F211181150060E451 /* ErrorViewController.swift */ = {isa = PBXFileReference; lastKnownFileType = sourcecode.swift; path = ErrorViewController.swift; sourceTree = "<group>"; };
		04164C51211181600060E451 /* HomeContentViewController.swift */ = {isa = PBXFileReference; lastKnownFileType = sourcecode.swift; path = HomeContentViewController.swift; sourceTree = "<group>"; };
		04164C552111908F0060E451 /* Movie.swift */ = {isa = PBXFileReference; lastKnownFileType = sourcecode.swift; path = Movie.swift; sourceTree = "<group>"; };
		042704F82118143A0080E57A /* MVLabel.swift */ = {isa = PBXFileReference; lastKnownFileType = sourcecode.swift; path = MVLabel.swift; sourceTree = "<group>"; };
		042704FA211815DF0080E57A /* UIFont+Custom.swift */ = {isa = PBXFileReference; lastKnownFileType = sourcecode.swift; path = "UIFont+Custom.swift"; sourceTree = "<group>"; };
		042704FC211844160080E57A /* MVSecondaryButton.swift */ = {isa = PBXFileReference; lastKnownFileType = sourcecode.swift; path = MVSecondaryButton.swift; sourceTree = "<group>"; };
		042704FE211847190080E57A /* MVHeaderView.swift */ = {isa = PBXFileReference; lastKnownFileType = sourcecode.swift; path = MVHeaderView.swift; sourceTree = "<group>"; };
		042705002118C4490080E57A /* MVSeparatorLine.swift */ = {isa = PBXFileReference; lastKnownFileType = sourcecode.swift; path = MVSeparatorLine.swift; sourceTree = "<group>"; };
		042705022118CDC20080E57A /* MVCollectionView.swift */ = {isa = PBXFileReference; lastKnownFileType = sourcecode.swift; path = MVCollectionView.swift; sourceTree = "<group>"; };
		04E7C1B7211210A300B9838F /* HomeViewModel.swift */ = {isa = PBXFileReference; lastKnownFileType = sourcecode.swift; path = HomeViewModel.swift; sourceTree = "<group>"; };
		04E7C1BB2112C2F100B9838F /* HomeCollectionViewCell.swift */ = {isa = PBXFileReference; lastKnownFileType = sourcecode.swift; path = HomeCollectionViewCell.swift; sourceTree = "<group>"; };
		0D49C083211197AE00BFBB78 /* TabBarController.swift */ = {isa = PBXFileReference; lastKnownFileType = sourcecode.swift; path = TabBarController.swift; sourceTree = "<group>"; };
		0D49C08921119D3600BFBB78 /* ListViewController.swift */ = {isa = PBXFileReference; lastKnownFileType = sourcecode.swift; path = ListViewController.swift; sourceTree = "<group>"; };
		0D49C08C21119D7D00BFBB78 /* SettingsViewController.swift */ = {isa = PBXFileReference; lastKnownFileType = sourcecode.swift; path = SettingsViewController.swift; sourceTree = "<group>"; };
		0D49C08E2111AA8C00BFBB78 /* UIColor+Palette.swift */ = {isa = PBXFileReference; lastKnownFileType = sourcecode.swift; path = "UIColor+Palette.swift"; sourceTree = "<group>"; };
		0D49C0902111ABB100BFBB78 /* UIViewController+NavigationBar.swift */ = {isa = PBXFileReference; lastKnownFileType = sourcecode.swift; path = "UIViewController+NavigationBar.swift"; sourceTree = "<group>"; };
		0D49C0922111AD0100BFBB78 /* UIViewController+BackgroundColor.swift */ = {isa = PBXFileReference; lastKnownFileType = sourcecode.swift; path = "UIViewController+BackgroundColor.swift"; sourceTree = "<group>"; };
		0DE19A862118C19E00422B44 /* EndPointType.swift */ = {isa = PBXFileReference; lastKnownFileType = sourcecode.swift; path = EndPointType.swift; sourceTree = "<group>"; };
		0DE19A892118C1C000422B44 /* HTTPMethod.swift */ = {isa = PBXFileReference; lastKnownFileType = sourcecode.swift; path = HTTPMethod.swift; sourceTree = "<group>"; };
		0DE19A8B2118C21F00422B44 /* HTTPTask.swift */ = {isa = PBXFileReference; lastKnownFileType = sourcecode.swift; path = HTTPTask.swift; sourceTree = "<group>"; };
		0DE19A8E2118C2AC00422B44 /* ParameterEncoding.swift */ = {isa = PBXFileReference; lastKnownFileType = sourcecode.swift; path = ParameterEncoding.swift; sourceTree = "<group>"; };
		0DE19A902118C3E400422B44 /* URLParameterEncoder.swift */ = {isa = PBXFileReference; lastKnownFileType = sourcecode.swift; path = URLParameterEncoder.swift; sourceTree = "<group>"; };
		0DE19A922118C57A00422B44 /* JSONParameterEncoder.swift */ = {isa = PBXFileReference; lastKnownFileType = sourcecode.swift; path = JSONParameterEncoder.swift; sourceTree = "<group>"; };
		0DE19A942118C67D00422B44 /* NetworkRouter.swift */ = {isa = PBXFileReference; lastKnownFileType = sourcecode.swift; path = NetworkRouter.swift; sourceTree = "<group>"; };
		0DE19A962118C7A000422B44 /* Router.swift */ = {isa = PBXFileReference; lastKnownFileType = sourcecode.swift; path = Router.swift; sourceTree = "<group>"; };
		0DE19A992118CD4D00422B44 /* MovieEndPoint.swift */ = {isa = PBXFileReference; lastKnownFileType = sourcecode.swift; path = MovieEndPoint.swift; sourceTree = "<group>"; };
		0DE19A9E2118D4A400422B44 /* NetworkManager.swift */ = {isa = PBXFileReference; lastKnownFileType = sourcecode.swift; path = NetworkManager.swift; sourceTree = "<group>"; };
		0DE19AA02118D53100422B44 /* NetworkResponse.swift */ = {isa = PBXFileReference; lastKnownFileType = sourcecode.swift; path = NetworkResponse.swift; sourceTree = "<group>"; };
		0DE19AA22118D5AC00422B44 /* Result.swift */ = {isa = PBXFileReference; lastKnownFileType = sourcecode.swift; path = Result.swift; sourceTree = "<group>"; };
		0E5ABA61A12958CB2544BFDE /* Pods-Cinema.release.xcconfig */ = {isa = PBXFileReference; includeInIndex = 1; lastKnownFileType = text.xcconfig; name = "Pods-Cinema.release.xcconfig"; path = "Pods/Target Support Files/Pods-Cinema/Pods-Cinema.release.xcconfig"; sourceTree = "<group>"; };
		7C5B8179EAF8B35310CDFDF8 /* Pods-CinemaUITests.release.xcconfig */ = {isa = PBXFileReference; includeInIndex = 1; lastKnownFileType = text.xcconfig; name = "Pods-CinemaUITests.release.xcconfig"; path = "Pods/Target Support Files/Pods-CinemaUITests/Pods-CinemaUITests.release.xcconfig"; sourceTree = "<group>"; };
		8E8470B23A0898EA90CCF8AE /* Pods_CinemaTests.framework */ = {isa = PBXFileReference; explicitFileType = wrapper.framework; includeInIndex = 0; path = Pods_CinemaTests.framework; sourceTree = BUILT_PRODUCTS_DIR; };
		B46D0A841EE89A54DEEF498B /* Pods-CinemaUITests.debug.xcconfig */ = {isa = PBXFileReference; includeInIndex = 1; lastKnownFileType = text.xcconfig; name = "Pods-CinemaUITests.debug.xcconfig"; path = "Pods/Target Support Files/Pods-CinemaUITests/Pods-CinemaUITests.debug.xcconfig"; sourceTree = "<group>"; };
		B7305C1B2E9AA271F5C72F64 /* Pods_Cinema.framework */ = {isa = PBXFileReference; explicitFileType = wrapper.framework; includeInIndex = 0; path = Pods_Cinema.framework; sourceTree = BUILT_PRODUCTS_DIR; };
		B9F5841729484ADDE98FDACB /* Pods-CinemaTests.release.xcconfig */ = {isa = PBXFileReference; includeInIndex = 1; lastKnownFileType = text.xcconfig; name = "Pods-CinemaTests.release.xcconfig"; path = "Pods/Target Support Files/Pods-CinemaTests/Pods-CinemaTests.release.xcconfig"; sourceTree = "<group>"; };
		C1B3E50E6F48B25FE42A69C1 /* Pods_CinemaUITests.framework */ = {isa = PBXFileReference; explicitFileType = wrapper.framework; includeInIndex = 0; path = Pods_CinemaUITests.framework; sourceTree = BUILT_PRODUCTS_DIR; };
		D9CFE0600B3DEBD0D07CAF62 /* Pods-Cinema.debug.xcconfig */ = {isa = PBXFileReference; includeInIndex = 1; lastKnownFileType = text.xcconfig; name = "Pods-Cinema.debug.xcconfig"; path = "Pods/Target Support Files/Pods-Cinema/Pods-Cinema.debug.xcconfig"; sourceTree = "<group>"; };
		EAA0D8A4050C845DE09D79F6 /* Pods-CinemaTests.debug.xcconfig */ = {isa = PBXFileReference; includeInIndex = 1; lastKnownFileType = text.xcconfig; name = "Pods-CinemaTests.debug.xcconfig"; path = "Pods/Target Support Files/Pods-CinemaTests/Pods-CinemaTests.debug.xcconfig"; sourceTree = "<group>"; };
/* End PBXFileReference section */

/* Begin PBXFrameworksBuildPhase section */
		040961AA21105C0400566954 /* Frameworks */ = {
			isa = PBXFrameworksBuildPhase;
			buildActionMask = 2147483647;
			files = (
				AC7E04D49659927B7DB5DF13 /* Pods_Cinema.framework in Frameworks */,
			);
			runOnlyForDeploymentPostprocessing = 0;
		};
		040961BE21105C0500566954 /* Frameworks */ = {
			isa = PBXFrameworksBuildPhase;
			buildActionMask = 2147483647;
			files = (
				E26EA2653E416684ABBC52EF /* Pods_CinemaTests.framework in Frameworks */,
			);
			runOnlyForDeploymentPostprocessing = 0;
		};
		040961C921105C0500566954 /* Frameworks */ = {
			isa = PBXFrameworksBuildPhase;
			buildActionMask = 2147483647;
			files = (
				2330CE7798EDD0D70F7DF918 /* Pods_CinemaUITests.framework in Frameworks */,
			);
			runOnlyForDeploymentPostprocessing = 0;
		};
/* End PBXFrameworksBuildPhase section */

/* Begin PBXGroup section */
		040961A421105C0400566954 = {
			isa = PBXGroup;
			children = (
				040961AF21105C0400566954 /* Cinema */,
				040961C421105C0500566954 /* CinemaTests */,
				040961CF21105C0500566954 /* CinemaUITests */,
				040961AE21105C0400566954 /* Products */,
				EB7D5C2DEF17614309EFCAA0 /* Pods */,
				D31637692F014211AE395750 /* Frameworks */,
			);
			sourceTree = "<group>";
		};
		040961AE21105C0400566954 /* Products */ = {
			isa = PBXGroup;
			children = (
				040961AD21105C0400566954 /* Cinema.app */,
				040961C121105C0500566954 /* CinemaTests.xctest */,
				040961CC21105C0500566954 /* CinemaUITests.xctest */,
			);
			name = Products;
			sourceTree = "<group>";
		};
		040961AF21105C0400566954 /* Cinema */ = {
			isa = PBXGroup;
			children = (
				040961B021105C0400566954 /* AppDelegate.swift */,
				0DF1DC5A2119652400AC1981 /* Managers */,
				04E7C1B62112107D00B9838F /* ViewModels */,
				04164C542111907E0060E451 /* Models */,
				040961DF21105C7F00566954 /* Views */,
				04164C53211183510060E451 /* Extensions */,
				040961E1211060A900566954 /* Utilities */,
				040961DE21105C4800566954 /* Supporting Files */,
			);
			path = Cinema;
			sourceTree = "<group>";
		};
		040961C421105C0500566954 /* CinemaTests */ = {
			isa = PBXGroup;
			children = (
				040961C521105C0500566954 /* CinemaTests.swift */,
				040961C721105C0500566954 /* Info.plist */,
			);
			path = CinemaTests;
			sourceTree = "<group>";
		};
		040961CF21105C0500566954 /* CinemaUITests */ = {
			isa = PBXGroup;
			children = (
				040961D021105C0500566954 /* CinemaUITests.swift */,
				040961D221105C0500566954 /* Info.plist */,
			);
			path = CinemaUITests;
			sourceTree = "<group>";
		};
		040961DE21105C4800566954 /* Supporting Files */ = {
			isa = PBXGroup;
			children = (
				040961B721105C0500566954 /* Assets.xcassets */,
				040961B921105C0500566954 /* LaunchScreen.storyboard */,
				040961BC21105C0500566954 /* Info.plist */,
			);
			path = "Supporting Files";
			sourceTree = "<group>";
		};
		040961DF21105C7F00566954 /* Views */ = {
			isa = PBXGroup;
			children = (
				0D49C082211197A100BFBB78 /* Root */,
				04164C4C211180730060E451 /* States */,
				0D49C08721119D0500BFBB78 /* Home */,
				0D49C08821119D1400BFBB78 /* List */,
				0D49C08B21119D6700BFBB78 /* Settings */,
				042704F7211813580080E57A /* Components */,
			);
			path = Views;
			sourceTree = "<group>";
		};
		040961E1211060A900566954 /* Utilities */ = {
			isa = PBXGroup;
			children = (
				040961E2211060C800566954 /* Constants.swift */,
				040961E42110612600566954 /* Protocols.swift */,
			);
			path = Utilities;
			sourceTree = "<group>";
		};
		04164C4C211180730060E451 /* States */ = {
			isa = PBXGroup;
			children = (
				04164C472110C44B0060E451 /* ContentStateViewController.swift */,
				04164C4D211180D60060E451 /* LoadingViewController.swift */,
				04164C4F211181150060E451 /* ErrorViewController.swift */,
			);
			path = States;
			sourceTree = "<group>";
		};
		04164C53211183510060E451 /* Extensions */ = {
			isa = PBXGroup;
			children = (
				04164C4A2110E58E0060E451 /* UIViewController+StateManagment.swift */,
				0D49C08E2111AA8C00BFBB78 /* UIColor+Palette.swift */,
				0D49C0902111ABB100BFBB78 /* UIViewController+NavigationBar.swift */,
				0D49C0922111AD0100BFBB78 /* UIViewController+BackgroundColor.swift */,
				042704FA211815DF0080E57A /* UIFont+Custom.swift */,
			);
			path = Extensions;
			sourceTree = "<group>";
		};
		04164C542111907E0060E451 /* Models */ = {
			isa = PBXGroup;
			children = (
				04164C552111908F0060E451 /* Movie.swift */,
			);
			path = Models;
			sourceTree = "<group>";
		};
		042704F7211813580080E57A /* Components */ = {
			isa = PBXGroup;
			children = (
				042704F82118143A0080E57A /* MVLabel.swift */,
				042704FC211844160080E57A /* MVSecondaryButton.swift */,
				042704FE211847190080E57A /* MVHeaderView.swift */,
				042705002118C4490080E57A /* MVSeparatorLine.swift */,
				042705022118CDC20080E57A /* MVCollectionView.swift */,
			);
			path = Components;
			sourceTree = "<group>";
		};
		04E7C1B62112107D00B9838F /* ViewModels */ = {
			isa = PBXGroup;
			children = (
				04E7C1B7211210A300B9838F /* HomeViewModel.swift */,
			);
			name = ViewModels;
			path = "New Group";
			sourceTree = "<group>";
		};
		04E7C1B92112C26B00B9838F /* Views */ = {
			isa = PBXGroup;
			children = (
				040961B221105C0400566954 /* HomeViewController.swift */,
				04164C51211181600060E451 /* HomeContentViewController.swift */,
			);
			path = Views;
			sourceTree = "<group>";
		};
		04E7C1BA2112C2B300B9838F /* Cells */ = {
			isa = PBXGroup;
			children = (
				04E7C1BB2112C2F100B9838F /* HomeCollectionViewCell.swift */,
			);
			path = Cells;
			sourceTree = "<group>";
		};
		0D49C082211197A100BFBB78 /* Root */ = {
			isa = PBXGroup;
			children = (
				0D49C083211197AE00BFBB78 /* TabBarController.swift */,
			);
			path = Root;
			sourceTree = "<group>";
		};
		0D49C08721119D0500BFBB78 /* Home */ = {
			isa = PBXGroup;
			children = (
				04E7C1B92112C26B00B9838F /* Views */,
				04E7C1BA2112C2B300B9838F /* Cells */,
			);
			path = Home;
			sourceTree = "<group>";
		};
		0D49C08821119D1400BFBB78 /* List */ = {
			isa = PBXGroup;
			children = (
				0D49C08921119D3600BFBB78 /* ListViewController.swift */,
			);
			path = List;
			sourceTree = "<group>";
		};
		0D49C08B21119D6700BFBB78 /* Settings */ = {
			isa = PBXGroup;
			children = (
				0D49C08C21119D7D00BFBB78 /* SettingsViewController.swift */,
			);
			path = Settings;
			sourceTree = "<group>";
		};
		0DE19A852118C18700422B44 /* NetworkLayer */ = {
			isa = PBXGroup;
			children = (
				0DE19A9D2118D49800422B44 /* Manager */,
				0DE19A982118CD3800422B44 /* EndPoint */,
				0DE19A8D2118C29500422B44 /* Encoding */,
				0DE19A882118C1A900422B44 /* Service */,
			);
			path = NetworkLayer;
			sourceTree = "<group>";
		};
		0DE19A882118C1A900422B44 /* Service */ = {
			isa = PBXGroup;
			children = (
				0DE19A862118C19E00422B44 /* EndPointType.swift */,
				0DE19A892118C1C000422B44 /* HTTPMethod.swift */,
				0DE19A8B2118C21F00422B44 /* HTTPTask.swift */,
				0DE19A942118C67D00422B44 /* NetworkRouter.swift */,
				0DE19A962118C7A000422B44 /* Router.swift */,
			);
			path = Service;
			sourceTree = "<group>";
		};
		0DE19A8D2118C29500422B44 /* Encoding */ = {
			isa = PBXGroup;
			children = (
				0DE19A8E2118C2AC00422B44 /* ParameterEncoding.swift */,
				0DE19A902118C3E400422B44 /* URLParameterEncoder.swift */,
				0DE19A922118C57A00422B44 /* JSONParameterEncoder.swift */,
			);
			path = Encoding;
			sourceTree = "<group>";
		};
		0DE19A982118CD3800422B44 /* EndPoint */ = {
			isa = PBXGroup;
			children = (
				0DE19A992118CD4D00422B44 /* MovieEndPoint.swift */,
			);
			path = EndPoint;
			sourceTree = "<group>";
		};
		0DE19A9D2118D49800422B44 /* Manager */ = {
			isa = PBXGroup;
			children = (
				0DE19A9E2118D4A400422B44 /* NetworkManager.swift */,
				0DE19AA02118D53100422B44 /* NetworkResponse.swift */,
				0DE19AA22118D5AC00422B44 /* Result.swift */,
			);
			path = Manager;
			sourceTree = "<group>";
		};
		0DF1DC5A2119652400AC1981 /* Managers */ = {
			isa = PBXGroup;
			children = (
				0DE19A852118C18700422B44 /* NetworkLayer */,
			);
			path = Managers;
			sourceTree = "<group>";
		};
		D31637692F014211AE395750 /* Frameworks */ = {
			isa = PBXGroup;
			children = (
				B7305C1B2E9AA271F5C72F64 /* Pods_Cinema.framework */,
				8E8470B23A0898EA90CCF8AE /* Pods_CinemaTests.framework */,
				C1B3E50E6F48B25FE42A69C1 /* Pods_CinemaUITests.framework */,
			);
			name = Frameworks;
			sourceTree = "<group>";
		};
		EB7D5C2DEF17614309EFCAA0 /* Pods */ = {
			isa = PBXGroup;
			children = (
				D9CFE0600B3DEBD0D07CAF62 /* Pods-Cinema.debug.xcconfig */,
				0E5ABA61A12958CB2544BFDE /* Pods-Cinema.release.xcconfig */,
				EAA0D8A4050C845DE09D79F6 /* Pods-CinemaTests.debug.xcconfig */,
				B9F5841729484ADDE98FDACB /* Pods-CinemaTests.release.xcconfig */,
				B46D0A841EE89A54DEEF498B /* Pods-CinemaUITests.debug.xcconfig */,
				7C5B8179EAF8B35310CDFDF8 /* Pods-CinemaUITests.release.xcconfig */,
			);
			name = Pods;
			sourceTree = "<group>";
		};
/* End PBXGroup section */

/* Begin PBXNativeTarget section */
		040961AC21105C0400566954 /* Cinema */ = {
			isa = PBXNativeTarget;
			buildConfigurationList = 040961D521105C0500566954 /* Build configuration list for PBXNativeTarget "Cinema" */;
			buildPhases = (
				CD0402A39FCAF48F8E310D20 /* [CP] Check Pods Manifest.lock */,
				040961A921105C0400566954 /* Sources */,
				040961AA21105C0400566954 /* Frameworks */,
				040961AB21105C0400566954 /* Resources */,
				04EBF7B121107A18008BF957 /* ShellScript */,
				A573C050F6468119EE678160 /* [CP] Embed Pods Frameworks */,
			);
			buildRules = (
			);
			dependencies = (
			);
			name = Cinema;
			productName = Cinema;
			productReference = 040961AD21105C0400566954 /* Cinema.app */;
			productType = "com.apple.product-type.application";
		};
		040961C021105C0500566954 /* CinemaTests */ = {
			isa = PBXNativeTarget;
			buildConfigurationList = 040961D821105C0500566954 /* Build configuration list for PBXNativeTarget "CinemaTests" */;
			buildPhases = (
				B7A33A52AE9D5093A3C9A3F5 /* [CP] Check Pods Manifest.lock */,
				040961BD21105C0500566954 /* Sources */,
				040961BE21105C0500566954 /* Frameworks */,
				040961BF21105C0500566954 /* Resources */,
			);
			buildRules = (
			);
			dependencies = (
				040961C321105C0500566954 /* PBXTargetDependency */,
			);
			name = CinemaTests;
			productName = CinemaTests;
			productReference = 040961C121105C0500566954 /* CinemaTests.xctest */;
			productType = "com.apple.product-type.bundle.unit-test";
		};
		040961CB21105C0500566954 /* CinemaUITests */ = {
			isa = PBXNativeTarget;
			buildConfigurationList = 040961DB21105C0500566954 /* Build configuration list for PBXNativeTarget "CinemaUITests" */;
			buildPhases = (
				7664F9B251B3DBEDDE7FED40 /* [CP] Check Pods Manifest.lock */,
				040961C821105C0500566954 /* Sources */,
				040961C921105C0500566954 /* Frameworks */,
				040961CA21105C0500566954 /* Resources */,
			);
			buildRules = (
			);
			dependencies = (
				040961CE21105C0500566954 /* PBXTargetDependency */,
			);
			name = CinemaUITests;
			productName = CinemaUITests;
			productReference = 040961CC21105C0500566954 /* CinemaUITests.xctest */;
			productType = "com.apple.product-type.bundle.ui-testing";
		};
/* End PBXNativeTarget section */

/* Begin PBXProject section */
		040961A521105C0400566954 /* Project object */ = {
			isa = PBXProject;
			attributes = {
				LastSwiftUpdateCheck = 0940;
				LastUpgradeCheck = 0940;
				ORGANIZATIONNAME = trashLabs;
				TargetAttributes = {
					040961AC21105C0400566954 = {
						CreatedOnToolsVersion = 9.4.1;
					};
					040961C021105C0500566954 = {
						CreatedOnToolsVersion = 9.4.1;
						TestTargetID = 040961AC21105C0400566954;
					};
					040961CB21105C0500566954 = {
						CreatedOnToolsVersion = 9.4.1;
						TestTargetID = 040961AC21105C0400566954;
					};
				};
			};
			buildConfigurationList = 040961A821105C0400566954 /* Build configuration list for PBXProject "Cinema" */;
			compatibilityVersion = "Xcode 9.3";
			developmentRegion = en;
			hasScannedForEncodings = 0;
			knownRegions = (
				en,
				Base,
			);
			mainGroup = 040961A421105C0400566954;
			productRefGroup = 040961AE21105C0400566954 /* Products */;
			projectDirPath = "";
			projectRoot = "";
			targets = (
				040961AC21105C0400566954 /* Cinema */,
				040961C021105C0500566954 /* CinemaTests */,
				040961CB21105C0500566954 /* CinemaUITests */,
			);
		};
/* End PBXProject section */

/* Begin PBXResourcesBuildPhase section */
		040961AB21105C0400566954 /* Resources */ = {
			isa = PBXResourcesBuildPhase;
			buildActionMask = 2147483647;
			files = (
				040961BB21105C0500566954 /* LaunchScreen.storyboard in Resources */,
				040961B821105C0500566954 /* Assets.xcassets in Resources */,
			);
			runOnlyForDeploymentPostprocessing = 0;
		};
		040961BF21105C0500566954 /* Resources */ = {
			isa = PBXResourcesBuildPhase;
			buildActionMask = 2147483647;
			files = (
			);
			runOnlyForDeploymentPostprocessing = 0;
		};
		040961CA21105C0500566954 /* Resources */ = {
			isa = PBXResourcesBuildPhase;
			buildActionMask = 2147483647;
			files = (
			);
			runOnlyForDeploymentPostprocessing = 0;
		};
/* End PBXResourcesBuildPhase section */

/* Begin PBXShellScriptBuildPhase section */
		04EBF7B121107A18008BF957 /* ShellScript */ = {
			isa = PBXShellScriptBuildPhase;
			buildActionMask = 2147483647;
			files = (
			);
			inputPaths = (
			);
			outputPaths = (
			);
			runOnlyForDeploymentPostprocessing = 0;
			shellPath = /bin/sh;
			shellScript = "\"${PODS_ROOT}/SwiftLint/swiftlint\"";
		};
		7664F9B251B3DBEDDE7FED40 /* [CP] Check Pods Manifest.lock */ = {
			isa = PBXShellScriptBuildPhase;
			buildActionMask = 2147483647;
			files = (
			);
			inputPaths = (
				"${PODS_PODFILE_DIR_PATH}/Podfile.lock",
				"${PODS_ROOT}/Manifest.lock",
			);
			name = "[CP] Check Pods Manifest.lock";
			outputPaths = (
				"$(DERIVED_FILE_DIR)/Pods-CinemaUITests-checkManifestLockResult.txt",
			);
			runOnlyForDeploymentPostprocessing = 0;
			shellPath = /bin/sh;
			shellScript = "diff \"${PODS_PODFILE_DIR_PATH}/Podfile.lock\" \"${PODS_ROOT}/Manifest.lock\" > /dev/null\nif [ $? != 0 ] ; then\n    # print error to STDERR\n    echo \"error: The sandbox is not in sync with the Podfile.lock. Run 'pod install' or update your CocoaPods installation.\" >&2\n    exit 1\nfi\n# This output is used by Xcode 'outputs' to avoid re-running this script phase.\necho \"SUCCESS\" > \"${SCRIPT_OUTPUT_FILE_0}\"\n";
			showEnvVarsInLog = 0;
		};
		A573C050F6468119EE678160 /* [CP] Embed Pods Frameworks */ = {
			isa = PBXShellScriptBuildPhase;
			buildActionMask = 2147483647;
			files = (
			);
			inputPaths = (
				"${SRCROOT}/Pods/Target Support Files/Pods-Cinema/Pods-Cinema-frameworks.sh",
				"${BUILT_PRODUCTS_DIR}/Alamofire/Alamofire.framework",
				"${BUILT_PRODUCTS_DIR}/Cartography/Cartography.framework",
				"${BUILT_PRODUCTS_DIR}/ObjectMapper/ObjectMapper.framework",
				"${BUILT_PRODUCTS_DIR}/Realm/Realm.framework",
				"${BUILT_PRODUCTS_DIR}/RealmSwift/RealmSwift.framework",
			);
			name = "[CP] Embed Pods Frameworks";
			outputPaths = (
				"${TARGET_BUILD_DIR}/${FRAMEWORKS_FOLDER_PATH}/Alamofire.framework",
				"${TARGET_BUILD_DIR}/${FRAMEWORKS_FOLDER_PATH}/Cartography.framework",
				"${TARGET_BUILD_DIR}/${FRAMEWORKS_FOLDER_PATH}/ObjectMapper.framework",
				"${TARGET_BUILD_DIR}/${FRAMEWORKS_FOLDER_PATH}/Realm.framework",
				"${TARGET_BUILD_DIR}/${FRAMEWORKS_FOLDER_PATH}/RealmSwift.framework",
			);
			runOnlyForDeploymentPostprocessing = 0;
			shellPath = /bin/sh;
			shellScript = "\"${SRCROOT}/Pods/Target Support Files/Pods-Cinema/Pods-Cinema-frameworks.sh\"\n";
			showEnvVarsInLog = 0;
		};
		B7A33A52AE9D5093A3C9A3F5 /* [CP] Check Pods Manifest.lock */ = {
			isa = PBXShellScriptBuildPhase;
			buildActionMask = 2147483647;
			files = (
			);
			inputPaths = (
				"${PODS_PODFILE_DIR_PATH}/Podfile.lock",
				"${PODS_ROOT}/Manifest.lock",
			);
			name = "[CP] Check Pods Manifest.lock";
			outputPaths = (
				"$(DERIVED_FILE_DIR)/Pods-CinemaTests-checkManifestLockResult.txt",
			);
			runOnlyForDeploymentPostprocessing = 0;
			shellPath = /bin/sh;
			shellScript = "diff \"${PODS_PODFILE_DIR_PATH}/Podfile.lock\" \"${PODS_ROOT}/Manifest.lock\" > /dev/null\nif [ $? != 0 ] ; then\n    # print error to STDERR\n    echo \"error: The sandbox is not in sync with the Podfile.lock. Run 'pod install' or update your CocoaPods installation.\" >&2\n    exit 1\nfi\n# This output is used by Xcode 'outputs' to avoid re-running this script phase.\necho \"SUCCESS\" > \"${SCRIPT_OUTPUT_FILE_0}\"\n";
			showEnvVarsInLog = 0;
		};
		CD0402A39FCAF48F8E310D20 /* [CP] Check Pods Manifest.lock */ = {
			isa = PBXShellScriptBuildPhase;
			buildActionMask = 2147483647;
			files = (
			);
			inputPaths = (
				"${PODS_PODFILE_DIR_PATH}/Podfile.lock",
				"${PODS_ROOT}/Manifest.lock",
			);
			name = "[CP] Check Pods Manifest.lock";
			outputPaths = (
				"$(DERIVED_FILE_DIR)/Pods-Cinema-checkManifestLockResult.txt",
			);
			runOnlyForDeploymentPostprocessing = 0;
			shellPath = /bin/sh;
			shellScript = "diff \"${PODS_PODFILE_DIR_PATH}/Podfile.lock\" \"${PODS_ROOT}/Manifest.lock\" > /dev/null\nif [ $? != 0 ] ; then\n    # print error to STDERR\n    echo \"error: The sandbox is not in sync with the Podfile.lock. Run 'pod install' or update your CocoaPods installation.\" >&2\n    exit 1\nfi\n# This output is used by Xcode 'outputs' to avoid re-running this script phase.\necho \"SUCCESS\" > \"${SCRIPT_OUTPUT_FILE_0}\"\n";
			showEnvVarsInLog = 0;
		};
/* End PBXShellScriptBuildPhase section */

/* Begin PBXSourcesBuildPhase section */
		040961A921105C0400566954 /* Sources */ = {
			isa = PBXSourcesBuildPhase;
			buildActionMask = 2147483647;
			files = (
				042704FD211844160080E57A /* MVSecondaryButton.swift in Sources */,
				042704FB211815DF0080E57A /* UIFont+Custom.swift in Sources */,
				04E7C1B8211210A300B9838F /* HomeViewModel.swift in Sources */,
				042705012118C4490080E57A /* MVSeparatorLine.swift in Sources */,
				0DE19A912118C3E400422B44 /* URLParameterEncoder.swift in Sources */,
				0DE19A972118C7A000422B44 /* Router.swift in Sources */,
				04164C4E211180D60060E451 /* LoadingViewController.swift in Sources */,
				040961B321105C0400566954 /* HomeViewController.swift in Sources */,
				0D49C084211197AE00BFBB78 /* TabBarController.swift in Sources */,
				04164C4B2110E58E0060E451 /* UIViewController+StateManagment.swift in Sources */,
				0DE19A8A2118C1C000422B44 /* HTTPMethod.swift in Sources */,
				0DE19AA32118D5AC00422B44 /* Result.swift in Sources */,
				0DE19A872118C19E00422B44 /* EndPointType.swift in Sources */,
				04E7C1BC2112C2F100B9838F /* HomeCollectionViewCell.swift in Sources */,
				0DE19A932118C57A00422B44 /* JSONParameterEncoder.swift in Sources */,
				0D49C0912111ABB100BFBB78 /* UIViewController+NavigationBar.swift in Sources */,
				0DE19A9F2118D4A400422B44 /* NetworkManager.swift in Sources */,
				0DE19A9A2118CD4D00422B44 /* MovieEndPoint.swift in Sources */,
				04164C482110C44B0060E451 /* ContentStateViewController.swift in Sources */,
				04164C562111908F0060E451 /* Movie.swift in Sources */,
				04164C52211181600060E451 /* HomeContentViewController.swift in Sources */,
				0DE19A952118C67D00422B44 /* NetworkRouter.swift in Sources */,
				0D49C0932111AD0100BFBB78 /* UIViewController+BackgroundColor.swift in Sources */,
				0D49C08F2111AA8C00BFBB78 /* UIColor+Palette.swift in Sources */,
				042704FF211847190080E57A /* MVHeaderView.swift in Sources */,
				0DE19A8F2118C2AC00422B44 /* ParameterEncoding.swift in Sources */,
				0DE19A8C2118C21F00422B44 /* HTTPTask.swift in Sources */,
				042704F92118143A0080E57A /* MVLabel.swift in Sources */,
				040961B121105C0400566954 /* AppDelegate.swift in Sources */,
				0D49C08D21119D7D00BFBB78 /* SettingsViewController.swift in Sources */,
				0DE19AA12118D53100422B44 /* NetworkResponse.swift in Sources */,
				04164C50211181150060E451 /* ErrorViewController.swift in Sources */,
				040961E3211060C800566954 /* Constants.swift in Sources */,
				0D49C08A21119D3600BFBB78 /* ListViewController.swift in Sources */,
				042705032118CDC20080E57A /* MVCollectionView.swift in Sources */,
				040961E52110612600566954 /* Protocols.swift in Sources */,
			);
			runOnlyForDeploymentPostprocessing = 0;
		};
		040961BD21105C0500566954 /* Sources */ = {
			isa = PBXSourcesBuildPhase;
			buildActionMask = 2147483647;
			files = (
				040961C621105C0500566954 /* CinemaTests.swift in Sources */,
			);
			runOnlyForDeploymentPostprocessing = 0;
		};
		040961C821105C0500566954 /* Sources */ = {
			isa = PBXSourcesBuildPhase;
			buildActionMask = 2147483647;
			files = (
				040961D121105C0500566954 /* CinemaUITests.swift in Sources */,
			);
			runOnlyForDeploymentPostprocessing = 0;
		};
/* End PBXSourcesBuildPhase section */

/* Begin PBXTargetDependency section */
		040961C321105C0500566954 /* PBXTargetDependency */ = {
			isa = PBXTargetDependency;
			target = 040961AC21105C0400566954 /* Cinema */;
			targetProxy = 040961C221105C0500566954 /* PBXContainerItemProxy */;
		};
		040961CE21105C0500566954 /* PBXTargetDependency */ = {
			isa = PBXTargetDependency;
			target = 040961AC21105C0400566954 /* Cinema */;
			targetProxy = 040961CD21105C0500566954 /* PBXContainerItemProxy */;
		};
/* End PBXTargetDependency section */

/* Begin PBXVariantGroup section */
		040961B921105C0500566954 /* LaunchScreen.storyboard */ = {
			isa = PBXVariantGroup;
			children = (
				040961BA21105C0500566954 /* Base */,
			);
			name = LaunchScreen.storyboard;
			sourceTree = "<group>";
		};
/* End PBXVariantGroup section */

/* Begin XCBuildConfiguration section */
		040961D321105C0500566954 /* Debug */ = {
			isa = XCBuildConfiguration;
			buildSettings = {
				ALWAYS_SEARCH_USER_PATHS = NO;
				CLANG_ANALYZER_NONNULL = YES;
				CLANG_ANALYZER_NUMBER_OBJECT_CONVERSION = YES_AGGRESSIVE;
				CLANG_CXX_LANGUAGE_STANDARD = "gnu++14";
				CLANG_CXX_LIBRARY = "libc++";
				CLANG_ENABLE_MODULES = YES;
				CLANG_ENABLE_OBJC_ARC = YES;
				CLANG_ENABLE_OBJC_WEAK = YES;
				CLANG_WARN_BLOCK_CAPTURE_AUTORELEASING = YES;
				CLANG_WARN_BOOL_CONVERSION = YES;
				CLANG_WARN_COMMA = YES;
				CLANG_WARN_CONSTANT_CONVERSION = YES;
				CLANG_WARN_DEPRECATED_OBJC_IMPLEMENTATIONS = YES;
				CLANG_WARN_DIRECT_OBJC_ISA_USAGE = YES_ERROR;
				CLANG_WARN_DOCUMENTATION_COMMENTS = YES;
				CLANG_WARN_EMPTY_BODY = YES;
				CLANG_WARN_ENUM_CONVERSION = YES;
				CLANG_WARN_INFINITE_RECURSION = YES;
				CLANG_WARN_INT_CONVERSION = YES;
				CLANG_WARN_NON_LITERAL_NULL_CONVERSION = YES;
				CLANG_WARN_OBJC_IMPLICIT_RETAIN_SELF = YES;
				CLANG_WARN_OBJC_LITERAL_CONVERSION = YES;
				CLANG_WARN_OBJC_ROOT_CLASS = YES_ERROR;
				CLANG_WARN_RANGE_LOOP_ANALYSIS = YES;
				CLANG_WARN_STRICT_PROTOTYPES = YES;
				CLANG_WARN_SUSPICIOUS_MOVE = YES;
				CLANG_WARN_UNGUARDED_AVAILABILITY = YES_AGGRESSIVE;
				CLANG_WARN_UNREACHABLE_CODE = YES;
				CLANG_WARN__DUPLICATE_METHOD_MATCH = YES;
				CODE_SIGN_IDENTITY = "iPhone Developer";
				COPY_PHASE_STRIP = NO;
				DEBUG_INFORMATION_FORMAT = dwarf;
				ENABLE_STRICT_OBJC_MSGSEND = YES;
				ENABLE_TESTABILITY = YES;
				GCC_C_LANGUAGE_STANDARD = gnu11;
				GCC_DYNAMIC_NO_PIC = NO;
				GCC_NO_COMMON_BLOCKS = YES;
				GCC_OPTIMIZATION_LEVEL = 0;
				GCC_PREPROCESSOR_DEFINITIONS = (
					"DEBUG=1",
					"$(inherited)",
				);
				GCC_WARN_64_TO_32_BIT_CONVERSION = YES;
				GCC_WARN_ABOUT_RETURN_TYPE = YES_ERROR;
				GCC_WARN_UNDECLARED_SELECTOR = YES;
				GCC_WARN_UNINITIALIZED_AUTOS = YES_AGGRESSIVE;
				GCC_WARN_UNUSED_FUNCTION = YES;
				GCC_WARN_UNUSED_VARIABLE = YES;
				IPHONEOS_DEPLOYMENT_TARGET = 11.4;
				MTL_ENABLE_DEBUG_INFO = YES;
				ONLY_ACTIVE_ARCH = YES;
				SDKROOT = iphoneos;
				SWIFT_ACTIVE_COMPILATION_CONDITIONS = DEBUG;
				SWIFT_OPTIMIZATION_LEVEL = "-Onone";
			};
			name = Debug;
		};
		040961D421105C0500566954 /* Release */ = {
			isa = XCBuildConfiguration;
			buildSettings = {
				ALWAYS_SEARCH_USER_PATHS = NO;
				CLANG_ANALYZER_NONNULL = YES;
				CLANG_ANALYZER_NUMBER_OBJECT_CONVERSION = YES_AGGRESSIVE;
				CLANG_CXX_LANGUAGE_STANDARD = "gnu++14";
				CLANG_CXX_LIBRARY = "libc++";
				CLANG_ENABLE_MODULES = YES;
				CLANG_ENABLE_OBJC_ARC = YES;
				CLANG_ENABLE_OBJC_WEAK = YES;
				CLANG_WARN_BLOCK_CAPTURE_AUTORELEASING = YES;
				CLANG_WARN_BOOL_CONVERSION = YES;
				CLANG_WARN_COMMA = YES;
				CLANG_WARN_CONSTANT_CONVERSION = YES;
				CLANG_WARN_DEPRECATED_OBJC_IMPLEMENTATIONS = YES;
				CLANG_WARN_DIRECT_OBJC_ISA_USAGE = YES_ERROR;
				CLANG_WARN_DOCUMENTATION_COMMENTS = YES;
				CLANG_WARN_EMPTY_BODY = YES;
				CLANG_WARN_ENUM_CONVERSION = YES;
				CLANG_WARN_INFINITE_RECURSION = YES;
				CLANG_WARN_INT_CONVERSION = YES;
				CLANG_WARN_NON_LITERAL_NULL_CONVERSION = YES;
				CLANG_WARN_OBJC_IMPLICIT_RETAIN_SELF = YES;
				CLANG_WARN_OBJC_LITERAL_CONVERSION = YES;
				CLANG_WARN_OBJC_ROOT_CLASS = YES_ERROR;
				CLANG_WARN_RANGE_LOOP_ANALYSIS = YES;
				CLANG_WARN_STRICT_PROTOTYPES = YES;
				CLANG_WARN_SUSPICIOUS_MOVE = YES;
				CLANG_WARN_UNGUARDED_AVAILABILITY = YES_AGGRESSIVE;
				CLANG_WARN_UNREACHABLE_CODE = YES;
				CLANG_WARN__DUPLICATE_METHOD_MATCH = YES;
				CODE_SIGN_IDENTITY = "iPhone Developer";
				COPY_PHASE_STRIP = NO;
				DEBUG_INFORMATION_FORMAT = "dwarf-with-dsym";
				ENABLE_NS_ASSERTIONS = NO;
				ENABLE_STRICT_OBJC_MSGSEND = YES;
				GCC_C_LANGUAGE_STANDARD = gnu11;
				GCC_NO_COMMON_BLOCKS = YES;
				GCC_WARN_64_TO_32_BIT_CONVERSION = YES;
				GCC_WARN_ABOUT_RETURN_TYPE = YES_ERROR;
				GCC_WARN_UNDECLARED_SELECTOR = YES;
				GCC_WARN_UNINITIALIZED_AUTOS = YES_AGGRESSIVE;
				GCC_WARN_UNUSED_FUNCTION = YES;
				GCC_WARN_UNUSED_VARIABLE = YES;
				IPHONEOS_DEPLOYMENT_TARGET = 11.4;
				MTL_ENABLE_DEBUG_INFO = NO;
				SDKROOT = iphoneos;
				SWIFT_COMPILATION_MODE = wholemodule;
				SWIFT_OPTIMIZATION_LEVEL = "-O";
				VALIDATE_PRODUCT = YES;
			};
			name = Release;
		};
		040961D621105C0500566954 /* Debug */ = {
			isa = XCBuildConfiguration;
			baseConfigurationReference = D9CFE0600B3DEBD0D07CAF62 /* Pods-Cinema.debug.xcconfig */;
			buildSettings = {
				ASSETCATALOG_COMPILER_APPICON_NAME = AppIcon;
				CODE_SIGN_IDENTITY = "iPhone Developer";
				CODE_SIGN_STYLE = Automatic;
				DEVELOPMENT_TEAM = LF4R2PWGFJ;
				INFOPLIST_FILE = "$(SRCROOT)/Cinema/Supporting Files/Info.plist";
				IPHONEOS_DEPLOYMENT_TARGET = 11;
				LD_RUNPATH_SEARCH_PATHS = (
					"$(inherited)",
					"@executable_path/Frameworks",
				);
				PRODUCT_BUNDLE_IDENTIFIER = tl.Cinema;
				PRODUCT_NAME = "$(TARGET_NAME)";
				PROVISIONING_PROFILE_SPECIFIER = "";
				SWIFT_VERSION = 4.0;
				TARGETED_DEVICE_FAMILY = "1,2";
			};
			name = Debug;
		};
		040961D721105C0500566954 /* Release */ = {
			isa = XCBuildConfiguration;
			baseConfigurationReference = 0E5ABA61A12958CB2544BFDE /* Pods-Cinema.release.xcconfig */;
			buildSettings = {
				ASSETCATALOG_COMPILER_APPICON_NAME = AppIcon;
				CODE_SIGN_IDENTITY = "iPhone Developer";
				CODE_SIGN_STYLE = Automatic;
				DEVELOPMENT_TEAM = LF4R2PWGFJ;
				INFOPLIST_FILE = "$(SRCROOT)/Cinema/Supporting Files/Info.plist";
				IPHONEOS_DEPLOYMENT_TARGET = 11;
				LD_RUNPATH_SEARCH_PATHS = (
					"$(inherited)",
					"@executable_path/Frameworks",
				);
				PRODUCT_BUNDLE_IDENTIFIER = tl.Cinema;
				PRODUCT_NAME = "$(TARGET_NAME)";
				PROVISIONING_PROFILE_SPECIFIER = "";
				SWIFT_VERSION = 4.0;
				TARGETED_DEVICE_FAMILY = "1,2";
			};
			name = Release;
		};
		040961D921105C0500566954 /* Debug */ = {
			isa = XCBuildConfiguration;
			baseConfigurationReference = EAA0D8A4050C845DE09D79F6 /* Pods-CinemaTests.debug.xcconfig */;
			buildSettings = {
				ALWAYS_EMBED_SWIFT_STANDARD_LIBRARIES = YES;
				BUNDLE_LOADER = "$(TEST_HOST)";
				CODE_SIGN_STYLE = Automatic;
				DEVELOPMENT_TEAM = JS7SZYV8ND;
				INFOPLIST_FILE = CinemaTests/Info.plist;
				IPHONEOS_DEPLOYMENT_TARGET = 10.0;
				LD_RUNPATH_SEARCH_PATHS = (
					"$(inherited)",
					"@executable_path/Frameworks",
					"@loader_path/Frameworks",
				);
				PRODUCT_BUNDLE_IDENTIFIER = tl.CinemaTests;
				PRODUCT_NAME = "$(TARGET_NAME)";
				SWIFT_VERSION = 4.0;
				TARGETED_DEVICE_FAMILY = "1,2";
				TEST_HOST = "$(BUILT_PRODUCTS_DIR)/Cinema.app/Cinema";
			};
			name = Debug;
		};
		040961DA21105C0500566954 /* Release */ = {
			isa = XCBuildConfiguration;
			baseConfigurationReference = B9F5841729484ADDE98FDACB /* Pods-CinemaTests.release.xcconfig */;
			buildSettings = {
				ALWAYS_EMBED_SWIFT_STANDARD_LIBRARIES = YES;
				BUNDLE_LOADER = "$(TEST_HOST)";
				CODE_SIGN_STYLE = Automatic;
				DEVELOPMENT_TEAM = JS7SZYV8ND;
				INFOPLIST_FILE = CinemaTests/Info.plist;
				IPHONEOS_DEPLOYMENT_TARGET = 10.0;
				LD_RUNPATH_SEARCH_PATHS = (
					"$(inherited)",
					"@executable_path/Frameworks",
					"@loader_path/Frameworks",
				);
				PRODUCT_BUNDLE_IDENTIFIER = tl.CinemaTests;
				PRODUCT_NAME = "$(TARGET_NAME)";
				SWIFT_VERSION = 4.0;
				TARGETED_DEVICE_FAMILY = "1,2";
				TEST_HOST = "$(BUILT_PRODUCTS_DIR)/Cinema.app/Cinema";
			};
			name = Release;
		};
		040961DC21105C0500566954 /* Debug */ = {
			isa = XCBuildConfiguration;
			baseConfigurationReference = B46D0A841EE89A54DEEF498B /* Pods-CinemaUITests.debug.xcconfig */;
			buildSettings = {
				ALWAYS_EMBED_SWIFT_STANDARD_LIBRARIES = YES;
				CODE_SIGN_STYLE = Automatic;
				DEVELOPMENT_TEAM = LF4R2PWGFJ;
				INFOPLIST_FILE = CinemaUITests/Info.plist;
				IPHONEOS_DEPLOYMENT_TARGET = 10.0;
				LD_RUNPATH_SEARCH_PATHS = (
					"$(inherited)",
					"@executable_path/Frameworks",
					"@loader_path/Frameworks",
				);
				PRODUCT_BUNDLE_IDENTIFIER = tl.CinemaUITests;
				PRODUCT_NAME = "$(TARGET_NAME)";
				SWIFT_VERSION = 4.0;
				TARGETED_DEVICE_FAMILY = "1,2";
				TEST_TARGET_NAME = Cinema;
			};
			name = Debug;
		};
		040961DD21105C0500566954 /* Release */ = {
			isa = XCBuildConfiguration;
			baseConfigurationReference = 7C5B8179EAF8B35310CDFDF8 /* Pods-CinemaUITests.release.xcconfig */;
			buildSettings = {
				ALWAYS_EMBED_SWIFT_STANDARD_LIBRARIES = YES;
				CODE_SIGN_STYLE = Automatic;
				DEVELOPMENT_TEAM = LF4R2PWGFJ;
				INFOPLIST_FILE = CinemaUITests/Info.plist;
				IPHONEOS_DEPLOYMENT_TARGET = 10.0;
				LD_RUNPATH_SEARCH_PATHS = (
					"$(inherited)",
					"@executable_path/Frameworks",
					"@loader_path/Frameworks",
				);
				PRODUCT_BUNDLE_IDENTIFIER = tl.CinemaUITests;
				PRODUCT_NAME = "$(TARGET_NAME)";
				SWIFT_VERSION = 4.0;
				TARGETED_DEVICE_FAMILY = "1,2";
				TEST_TARGET_NAME = Cinema;
			};
			name = Release;
		};
/* End XCBuildConfiguration section */

/* Begin XCConfigurationList section */
		040961A821105C0400566954 /* Build configuration list for PBXProject "Cinema" */ = {
			isa = XCConfigurationList;
			buildConfigurations = (
				040961D321105C0500566954 /* Debug */,
				040961D421105C0500566954 /* Release */,
			);
			defaultConfigurationIsVisible = 0;
			defaultConfigurationName = Release;
		};
		040961D521105C0500566954 /* Build configuration list for PBXNativeTarget "Cinema" */ = {
			isa = XCConfigurationList;
			buildConfigurations = (
				040961D621105C0500566954 /* Debug */,
				040961D721105C0500566954 /* Release */,
			);
			defaultConfigurationIsVisible = 0;
			defaultConfigurationName = Release;
		};
		040961D821105C0500566954 /* Build configuration list for PBXNativeTarget "CinemaTests" */ = {
			isa = XCConfigurationList;
			buildConfigurations = (
				040961D921105C0500566954 /* Debug */,
				040961DA21105C0500566954 /* Release */,
			);
			defaultConfigurationIsVisible = 0;
			defaultConfigurationName = Release;
		};
		040961DB21105C0500566954 /* Build configuration list for PBXNativeTarget "CinemaUITests" */ = {
			isa = XCConfigurationList;
			buildConfigurations = (
				040961DC21105C0500566954 /* Debug */,
				040961DD21105C0500566954 /* Release */,
			);
			defaultConfigurationIsVisible = 0;
			defaultConfigurationName = Release;
		};
/* End XCConfigurationList section */
	};
	rootObject = 040961A521105C0400566954 /* Project object */;
}
